
Microsoft Visual Studio Solution File, Format Version 12.00
# Visual Studio 14
VisualStudioVersion = 14.0.25420.1
MinimumVisualStudioVersion = 10.0.40219.1
Project("{54435603-DBB4-11D2-8724-00A0C9A8B90C}") = "Setup_sisFilR", "Setup_sisFilR\Setup_sisFilR.vdproj", "{108328BF-262D-4B89-937B-8CF75D690DA9}"
EndProject
Global
	GlobalSection(SolutionConfigurationPlatforms) = preSolution
		Debug|Default = Debug|Default
		Release|Default = Release|Default
	EndGlobalSection
	GlobalSection(ProjectConfigurationPlatforms) = postSolution
		{108328BF-262D-4B89-937B-8CF75D690DA9}.Debug|Default.ActiveCfg = Debug
		{108328BF-262D-4B89-937B-8CF75D690DA9}.Debug|Default.Build.0 = Debug
		{108328BF-262D-4B89-937B-8CF75D690DA9}.Release|Default.ActiveCfg = Release
		{108328BF-262D-4B89-937B-8CF75D690DA9}.Release|Default.Build.0 = Release
	EndGlobalSection
	GlobalSection(SolutionProperties) = preSolution
		HideSolutionNode = FALSE
	EndGlobalSection
EndGlobal
