<?xml version="1.0" encoding="utf-8"?>
<Project ToolsVersion="4.0" xmlns="http://schemas.microsoft.com/developer/msbuild/2003">
  <ItemGroup>
    <Filter Include="Archivos de código fuente">
      <UniqueIdentifier>{4FC737F1-C7A5-4376-A066-2A32D752A2FF}</UniqueIdentifier>
      <Extensions>cpp;c;cc;cxx;def;odl;idl;hpj;bat;asm;asmx</Extensions>
    </Filter>
    <Filter Include="Archivos de encabezado">
      <UniqueIdentifier>{93995380-89BD-4b04-88EB-625FBE52EBFB}</UniqueIdentifier>
      <Extensions>h;hh;hpp;hxx;hm;inl;inc;xsd</Extensions>
    </Filter>
    <Filter Include="Archivos de recursos">
      <UniqueIdentifier>{67DA6AB6-F800-4c08-8B7A-83BB121AAD01}</UniqueIdentifier>
      <Extensions>rc;ico;cur;bmp;dlg;rc2;rct;bin;rgs;gif;jpg;jpeg;jpe;resx;tiff;tif;png;wav;mfcribbon-ms</Extensions>
    </Filter>
    <Filter Include="Archivos de código fuente\control">
      <UniqueIdentifier>{a6748f85-aeb0-4655-af30-4d0113ae4c36}</UniqueIdentifier>
    </Filter>
    <Filter Include="Archivos de código fuente\ejemplos">
      <UniqueIdentifier>{b2316617-bd25-4b0d-8379-db89699e2d31}</UniqueIdentifier>
    </Filter>
    <Filter Include="Archivos de código fuente\model">
      <UniqueIdentifier>{857bec02-0bb2-41db-89f6-957203557268}</UniqueIdentifier>
    </Filter>
    <Filter Include="Archivos de código fuente\util">
      <UniqueIdentifier>{ddaa6982-493b-4ed5-ad86-5d83a94d0ea6}</UniqueIdentifier>
    </Filter>
    <Filter Include="Archivos de código fuente\view">
      <UniqueIdentifier>{e7669871-63b1-43b7-ac99-6cbb1dde5248}</UniqueIdentifier>
    </Filter>
  </ItemGroup>
  <ItemGroup>
    <ClInclude Include="resource.h">
      <Filter>Archivos de encabezado</Filter>
    </ClInclude>
    <ClInclude Include="controls.h">
      <Filter>Archivos de código fuente\control</Filter>
    </ClInclude>
    <ClInclude Include="ctrl_dbx_console.h">
      <Filter>Archivos de código fuente\control</Filter>
    </ClInclude>
    <ClInclude Include="ctrl_dbx_conteo.h">
      <Filter>Archivos de código fuente\control</Filter>
    </ClInclude>
    <ClInclude Include="ctrl_dbx_filtros.h">
      <Filter>Archivos de código fuente\control</Filter>
    </ClInclude>
    <ClInclude Include="ctrl_dbx_menu.h">
      <Filter>Archivos de código fuente\control</Filter>
    </ClInclude>
    <ClInclude Include="guardar_imagen.h">
      <Filter>Archivos de código fuente\control</Filter>
    </ClInclude>
    <ClInclude Include="ventana.h">
      <Filter>Archivos de código fuente\control</Filter>
    </ClInclude>
    <ClInclude Include="e1.h">
      <Filter>Archivos de código fuente\ejemplos</Filter>
    </ClInclude>
    <ClInclude Include="dbx_filtros.h">
      <Filter>Archivos de código fuente\model</Filter>
    </ClInclude>
    <ClInclude Include="formatos.h">
      <Filter>Archivos de código fuente\model</Filter>
    </ClInclude>
    <ClInclude Include="mod.filtro.h">
      <Filter>Archivos de código fuente\model</Filter>
    </ClInclude>
    <ClInclude Include="mod.picture.h">
      <Filter>Archivos de código fuente\model</Filter>
    </ClInclude>
    <ClInclude Include="mod.saveData.h">
      <Filter>Archivos de código fuente\model</Filter>
    </ClInclude>
    <ClInclude Include="convert.h">
      <Filter>Archivos de código fuente\util</Filter>
    </ClInclude>
    <ClInclude Include="Image.h">
      <Filter>Archivos de código fuente\util</Filter>
    </ClInclude>
    <ClInclude Include="Mat2Bitmap.h">
      <Filter>Archivos de código fuente\util</Filter>
    </ClInclude>
    <ClInclude Include="OpenFileDialog.h">
      <Filter>Archivos de código fuente\view</Filter>
    </ClInclude>
  </ItemGroup>
  <ItemGroup>
    <ResourceCompile Include="PIAD_RV3.rc">
      <Filter>Archivos de recursos</Filter>
    </ResourceCompile>
  </ItemGroup>
  <ItemGroup>
    <ClCompile Include="main.cpp">
      <Filter>Archivos de código fuente</Filter>
    </ClCompile>
  </ItemGroup>
</Project>